dependencies:
- name: grafana
  repository: https://grafana.github.io/helm-charts
  version: 6.50.7
- name: prometheus
  repository: https://prometheus-community.github.io/helm-charts
  version: 19.7.2
- name: promtail
  repository: https://grafana.github.io/helm-charts
  version: 6.8.2
- name: loki
  repository: https://grafana.github.io/helm-charts
  version: 4.4.2
- name: neo4j
  repository: https://helm.neo4j.com/neo4j
  version: 5.13.0
digest: sha256:c191b5edf8232c718ee53ae10f2b44fd46ae3cc045c3d9d985ccdd9746132b4b
generated: "2023-10-31T12:52:50.236545153Z"
