dependencies:
- name: grafana
  repository: https://grafana.github.io/helm-charts
  version: 6.56.5
- name: prometheus
  repository: https://prometheus-community.github.io/helm-charts
  version: 19.7.2
- name: promtail
  repository: https://grafana.github.io/helm-charts
  version: 6.11.2
- name: loki
  repository: https://grafana.github.io/helm-charts
  version: 4.10.0
- name: neo4j
  repository: https://helm.neo4j.com/neo4j
  version: 5.7.0
digest: sha256:abc90c2ae3c02142ee3a582ce1950598d1374d50540249e226a50cc6e083ff12
generated: "2023-05-22T00:17:25.200947382Z"
