dependencies:
- name: grafana
  repository: https://grafana.github.io/helm-charts
  version: 5.0.26
- name: prometheus
  repository: https://prometheus-community.github.io/helm-charts
  version: 15.8.5
digest: sha256:8d938281398259411564207e3df314a156c585854b76fbaa86d53acd94bec851
generated: "2022-05-05T14:26:25.7346441+03:00"
